
Microsoft Visual Studio Solution File, Format Version 12.00
# Visual Studio Version 17
VisualStudioVersion = 17.5.33414.496
MinimumVisualStudioVersion = 10.0.40219.1
Project("{FAE04EC0-301F-11D3-BF4B-00C04F79EFBC}") = "InvoiceApi", "InvoiceApi.csproj", "{647C73F7-861E-4858-9BA9-8DCFA31A8201}"
EndProject
Global
	GlobalSection(SolutionConfigurationPlatforms) = preSolution
		Debug|Any CPU = Debug|Any CPU
		Release|Any CPU = Release|Any CPU
	EndGlobalSection
	GlobalSection(ProjectConfigurationPlatforms) = postSolution
		{647C73F7-861E-4858-9BA9-8DCFA31A8201}.Debug|Any CPU.ActiveCfg = Debug|Any CPU
		{647C73F7-861E-4858-9BA9-8DCFA31A8201}.Debug|Any CPU.Build.0 = Debug|Any CPU
		{647C73F7-861E-4858-9BA9-8DCFA31A8201}.Release|Any CPU.ActiveCfg = Release|Any CPU
		{647C73F7-861E-4858-9BA9-8DCFA31A8201}.Release|Any CPU.Build.0 = Release|Any CPU
	EndGlobalSection
	GlobalSection(SolutionProperties) = preSolution
		HideSolutionNode = FALSE
	EndGlobalSection
	GlobalSection(ExtensibilityGlobals) = postSolution
		SolutionGuid = {A6003DDD-F714-4783-80D7-E9C213DB9597}
	EndGlobalSection
EndGlobal
